
Microsoft Visual Studio Solution File, Format Version 12.00
# Visual Studio 2012
Project("{930C7802-8A8C-48F9-8165-68863BCCD9DD}") = "YamsterInstaller", "YamsterInstaller.wixproj", "{45A634C1-61DD-4911-A73A-D4337455DCF5}"
EndProject
Global
	GlobalSection(SolutionConfigurationPlatforms) = preSolution
		Release|x86 = Release|x86
	EndGlobalSection
	GlobalSection(ProjectConfigurationPlatforms) = postSolution
		{45A634C1-61DD-4911-A73A-D4337455DCF5}.Release|x86.ActiveCfg = Release|x86
		{45A634C1-61DD-4911-A73A-D4337455DCF5}.Release|x86.Build.0 = Release|x86
	EndGlobalSection
	GlobalSection(SolutionProperties) = preSolution
		HideSolutionNode = FALSE
	EndGlobalSection
EndGlobal
